
Microsoft Visual Studio Solution File, Format Version 12.00
# Visual Studio Version 16
VisualStudioVersion = 16.0.29503.13
MinimumVisualStudioVersion = 10.0.40219.1
Project("{FAE04EC0-301F-11D3-BF4B-00C04F79EFBC}") = "MedziaguMoksloFrontEnd", "MedziaguMoksloFrontEnd.csproj", "{B4D37E1C-7042-4086-9AB1-D8267EB9DA30}"
EndProject
Global
	GlobalSection(SolutionConfigurationPlatforms) = preSolution
		Debug|Any CPU = Debug|Any CPU
		Release|Any CPU = Release|Any CPU
	EndGlobalSection
	GlobalSection(ProjectConfigurationPlatforms) = postSolution
		{B4D37E1C-7042-4086-9AB1-D8267EB9DA30}.Debug|Any CPU.ActiveCfg = Debug|Any CPU
		{B4D37E1C-7042-4086-9AB1-D8267EB9DA30}.Debug|Any CPU.Build.0 = Debug|Any CPU
		{B4D37E1C-7042-4086-9AB1-D8267EB9DA30}.Release|Any CPU.ActiveCfg = Release|Any CPU
		{B4D37E1C-7042-4086-9AB1-D8267EB9DA30}.Release|Any CPU.Build.0 = Release|Any CPU
	EndGlobalSection
	GlobalSection(SolutionProperties) = preSolution
		HideSolutionNode = FALSE
	EndGlobalSection
	GlobalSection(ExtensibilityGlobals) = postSolution
		SolutionGuid = {03823B55-BAEF-4A9D-AFDD-FF53DFE49983}
	EndGlobalSection
EndGlobal
